
Microsoft Visual Studio Solution File, Format Version 12.00
# Visual Studio 14
VisualStudioVersion = 14.0.23107.0
MinimumVisualStudioVersion = 10.0.40219.1
Project("{FAE04EC0-301F-11D3-BF4B-00C04F79EFBC}") = "TodoListService", "TodoListService\TodoListService.csproj", "{047CDEF7-D5BA-4B1E-9748-910B610CCA51}"
EndProject
Project("{FAE04EC0-301F-11D3-BF4B-00C04F79EFBC}") = "TodoListWebApp", "TodoListWebApp\TodoListWebApp.csproj", "{A5136583-54BF-4AD5-B7C6-2C7AE6D202B3}"
EndProject
Project("{2150E333-8FDC-42A3-9474-1A3956D46DE8}") = ".nuget", ".nuget", "{47FCEEB5-BD53-43FD-AE9D-8B4B555F1C76}"
	ProjectSection(SolutionItems) = preProject
		.nuget\NuGet.Config = .nuget\NuGet.Config
		.nuget\NuGet.exe = .nuget\NuGet.exe
		.nuget\NuGet.targets = .nuget\NuGet.targets
	EndProjectSection
EndProject
Project("{2150E333-8FDC-42A3-9474-1A3956D46DE8}") = "Solution Items", "Solution Items", "{1D66657B-EAC8-4A52-88D8-AB17974C299F}"
	ProjectSection(SolutionItems) = preProject
		README.md = README.md
	EndProjectSection
EndProject
Project("{2150E333-8FDC-42A3-9474-1A3956D46DE8}") = "Img", "Img", "{490C28A3-9B34-4640-99C9-675D70410128}"
	ProjectSection(SolutionItems) = preProject
		Img\1LandingPage.png = Img\1LandingPage.png
		Img\2AfterSignIn.png = Img\2AfterSignIn.png
		Img\3TodoList.png = Img\3TodoList.png
		Img\4ShowClaims.png = Img\4ShowClaims.png
	EndProjectSection
EndProject
Project("{FAE04EC0-301F-11D3-BF4B-00C04F79EFBC}") = "TodoHelpWebApp", "TodoHelpWeb\TodoHelpWebApp.csproj", "{278796F2-34F4-4FCE-9695-6D8736DBF482}"
EndProject
Project("{FAE04EC0-301F-11D3-BF4B-00C04F79EFBC}") = "TodoSPA", "TodoHelpSPA\TodoSPA.csproj", "{C177F6EE-E7DB-4FA3-96A2-72CB04A98F68}"
EndProject
Project("{FAE04EC0-301F-11D3-BF4B-00C04F79EFBC}") = "TodoListClient", "TodoListClient\TodoListClient.csproj", "{005E6BB1-F422-4366-B548-1BDE150F0073}"
EndProject
Global
	GlobalSection(SolutionConfigurationPlatforms) = preSolution
		Debug|Any CPU = Debug|Any CPU
		Release|Any CPU = Release|Any CPU
	EndGlobalSection
	GlobalSection(ProjectConfigurationPlatforms) = postSolution
		{047CDEF7-D5BA-4B1E-9748-910B610CCA51}.Debug|Any CPU.ActiveCfg = Debug|Any CPU
		{047CDEF7-D5BA-4B1E-9748-910B610CCA51}.Debug|Any CPU.Build.0 = Debug|Any CPU
		{047CDEF7-D5BA-4B1E-9748-910B610CCA51}.Release|Any CPU.ActiveCfg = Release|Any CPU
		{047CDEF7-D5BA-4B1E-9748-910B610CCA51}.Release|Any CPU.Build.0 = Release|Any CPU
		{A5136583-54BF-4AD5-B7C6-2C7AE6D202B3}.Debug|Any CPU.ActiveCfg = Debug|Any CPU
		{A5136583-54BF-4AD5-B7C6-2C7AE6D202B3}.Debug|Any CPU.Build.0 = Debug|Any CPU
		{A5136583-54BF-4AD5-B7C6-2C7AE6D202B3}.Release|Any CPU.ActiveCfg = Release|Any CPU
		{A5136583-54BF-4AD5-B7C6-2C7AE6D202B3}.Release|Any CPU.Build.0 = Release|Any CPU
		{278796F2-34F4-4FCE-9695-6D8736DBF482}.Debug|Any CPU.ActiveCfg = Debug|Any CPU
		{278796F2-34F4-4FCE-9695-6D8736DBF482}.Debug|Any CPU.Build.0 = Debug|Any CPU
		{278796F2-34F4-4FCE-9695-6D8736DBF482}.Release|Any CPU.ActiveCfg = Release|Any CPU
		{278796F2-34F4-4FCE-9695-6D8736DBF482}.Release|Any CPU.Build.0 = Release|Any CPU
		{C177F6EE-E7DB-4FA3-96A2-72CB04A98F68}.Debug|Any CPU.ActiveCfg = Debug|Any CPU
		{C177F6EE-E7DB-4FA3-96A2-72CB04A98F68}.Debug|Any CPU.Build.0 = Debug|Any CPU
		{C177F6EE-E7DB-4FA3-96A2-72CB04A98F68}.Release|Any CPU.ActiveCfg = Release|Any CPU
		{C177F6EE-E7DB-4FA3-96A2-72CB04A98F68}.Release|Any CPU.Build.0 = Release|Any CPU
		{005E6BB1-F422-4366-B548-1BDE150F0073}.Debug|Any CPU.ActiveCfg = Debug|Any CPU
		{005E6BB1-F422-4366-B548-1BDE150F0073}.Debug|Any CPU.Build.0 = Debug|Any CPU
		{005E6BB1-F422-4366-B548-1BDE150F0073}.Release|Any CPU.ActiveCfg = Release|Any CPU
		{005E6BB1-F422-4366-B548-1BDE150F0073}.Release|Any CPU.Build.0 = Release|Any CPU
	EndGlobalSection
	GlobalSection(SolutionProperties) = preSolution
		HideSolutionNode = FALSE
	EndGlobalSection
EndGlobal
